{
  "requires": true,
  "lockfileVersion": 1,
  "dependencies": {
    "awesome-notifications": {
      "version": "3.1.1",
      "resolved": "https://registry.npmjs.org/awesome-notifications/-/awesome-notifications-3.1.1.tgz",
      "integrity": "sha512-JeWVPLJq9ozLCh1uNuUf3tFIuRSiyfpIwkei1cJ9t7Ivh+Fpac63JHCTrGyx8gtpTvSgth0Q2xKyUOBkZEk7gA=="
    }
  }
}
